{
  "nodes": {
    "flake-compat": {
      "flake": false,
      "locked": {
        "lastModified": 1767039857,
        "narHash": "sha256-vNpUSpF5Nuw8xvDLj2KCwwksIbjua2LZCqhV1LNRDns=",
        "owner": "edolstra",
        "repo": "flake-compat",
        "rev": "5edf11c44bc78a0d334f6334cdaf7d60d732daab",
        "type": "github"
      },
      "original": {
        "owner": "edolstra",
        "repo": "flake-compat",
        "type": "github"
      }
    },
    "flake-utils": {
      "inputs": {
        "systems": "systems"
      },
      "locked": {
        "lastModified": 1731533236,
        "narHash": "sha256-l0KFg5HjrsfsO/JpG+r7fRrqm12kzFHyUHqHCVpMMbI=",
        "owner": "numtide",
        "repo": "flake-utils",
        "rev": "11707dc2f618dd54ca8739b309ec4fc024de578b",
        "type": "github"
      },
      "original": {
        "owner": "numtide",
        "repo": "flake-utils",
        "type": "github"
      }
    },
    "nixpkgs": {
      "locked": {
        "lastModified": 1789149629,
        "narHash": "sha256-H6GwaZzZf+4npqv0tph94w9tZddSjFjmQrVsW0z78uk=",
        "owner": "nixos",
        "repo": "nixpkgs",
        "rev": "eaad089433ca2bb662274377d33df3d0e51ef28b",
        "type": "github"
      },
      "original": {
        "id": "nixpkgs",
        "type": "indirect"
      }
    },
    "plugin:Colorizer": {
      "flake": false,
      "locked": {
        "lastModified": 1759688541,
        "narHash": "sha256-2dBFBr8enmMv681gpL8HJtl57kk7v6W9QXfw36teWDY=",
        "owner": "chrisbra",
        "repo": "Colorizer",
        "rev": "f5d69c0dea9f36e2eb025c7d86cc62b5a0d8af62",
        "type": "github"
      },
      "original": {
        "owner": "chrisbra",
        "repo": "Colorizer",
        "type": "github"
      }
    },
    "plugin:LuaSnip": {
      "flake": false,
      "locked": {
        "lastModified": 1779224266,
        "narHash": "sha256-5Dm5maKjGcduew/cUZTWeyyVEgpZ0OpoVdMRYEw8Li0=",
        "owner": "L3MON4D3",
        "repo": "LuaSnip",
        "rev": "0abc8f390b278c3b4aabc4c004ac8a088b65cf24",
        "type": "github"
      },
      "original": {
        "owner": "L3MON4D3",
        "repo": "LuaSnip",
        "type": "github"
      }
    },
    "plugin:cmp-buffer": {
      "flake": false,
      "locked": {
        "lastModified": 1743497185,
        "narHash": "sha256-dG4U7MtnXThoa/PD+qFtCt76MQ14V1wX8GMYcvxEnbM=",
        "owner": "hrsh7th",
        "repo": "cmp-buffer",
        "rev": "b74fab3656eea9de20a9b8116afa3cfc4ec09657",
        "type": "github"
      },
      "original": {
        "owner": "hrsh7th",
        "repo": "cmp-buffer",
        "type": "github"
      }
    },
    "plugin:cmp-cmdline": {
      "flake": false,
      "locked": {
        "lastModified": 1747530266,
        "narHash": "sha256-w1HwR13rXRyLgWabHwJYABXO++gPEOMr46poUzOChzg=",
        "owner": "hrsh7th",
        "repo": "cmp-cmdline",
        "rev": "d126061b624e0af6c3a556428712dd4d4194ec6d",
        "type": "github"
      },
      "original": {
        "owner": "hrsh7th",
        "repo": "cmp-cmdline",
        "type": "github"
      }
    },
    "plugin:cmp-nvim-lsp": {
      "flake": false,
      "locked": {
        "lastModified": 1763018865,
        "narHash": "sha256-CYZdfAsJYQyW413fRvNbsS5uayuc6fKDvDLZ2Y7j3ZQ=",
        "owner": "hrsh7th",
        "repo": "cmp-nvim-lsp",
        "rev": "cbc7b02bb99fae35cb42f514762b89b5126651ef",
        "type": "github"
      },
      "original": {
        "owner": "hrsh7th",
        "repo": "cmp-nvim-lsp",
        "type": "github"
      }
    },
    "plugin:cmp-path": {
      "flake": false,
      "locked": {
        "lastModified": 1753844861,
        "narHash": "sha256-e4Rd2y1Wekp7aobpTGaUeoSBnlfIASDaBR8js5dh2Vw=",
        "owner": "hrsh7th",
        "repo": "cmp-path",
        "rev": "c642487086dbd9a93160e1679a1327be111cbc25",
        "type": "github"
      },
      "original": {
        "owner": "hrsh7th",
        "repo": "cmp-path",
        "type": "github"
      }
    },
    "plugin:cmp_luasnip": {
      "flake": false,
      "locked": {
        "lastModified": 1730707109,
        "narHash": "sha256-86lKQPPyqFz8jzuLajjHMKHrYnwW6+QOcPyQEx6B+gw=",
        "owner": "saadparwaiz1",
        "repo": "cmp_luasnip",
        "rev": "98d9cb5c2c38532bd9bdb481067b20fea8f32e90",
        "type": "github"
      },
      "original": {
        "owner": "saadparwaiz1",
        "repo": "cmp_luasnip",
        "type": "github"
      }
    },
    "plugin:csvview.nvim": {
      "flake": false,
      "locked": {
        "lastModified": 1788219729,
        "narHash": "sha256-2Ew1TPEiTIoMpQwSQSTVLadLuvXMzn24XXiAxGRjL5c=",
        "owner": "hat0uma",
        "repo": "csvview.nvim",
        "rev": "2466bdda54047f525d4faca53040fe657c9c33db",
        "type": "github"
      },
      "original": {
        "owner": "hat0uma",
        "repo": "csvview.nvim",
        "type": "github"
      }
    },
    "plugin:goyo.vim": {
      "flake": false,
      "locked": {
        "lastModified": 1766310360,
        "narHash": "sha256-pDt7T1U1bqKveAq0CBWTtK2mdOzf8IbfmCi1fcpB2c8=",
        "owner": "junegunn",
        "repo": "goyo.vim",
        "rev": "9c72fdf2d202914318581f9f0dd09fd102f8504d",
        "type": "github"
      },
      "original": {
        "owner": "junegunn",
        "repo": "goyo.vim",
        "type": "github"
      }
    },
    "plugin:guess-indent.nvim": {
      "flake": false,
      "locked": {
        "lastModified": 1742937349,
        "narHash": "sha256-M/FkwCXXhojVFEcCuHo/GkuCCSX9GlVYHBUECSZxBjs=",
        "owner": "NMAC427",
        "repo": "guess-indent.nvim",
        "rev": "84a4987ff36798c2fc1169cbaff67960aed9776f",
        "type": "github"
      },
      "original": {
        "owner": "NMAC427",
        "repo": "guess-indent.nvim",
        "type": "github"
      }
    },
    "plugin:indent-blankline.nvim": {
      "flake": false,
      "locked": {
        "lastModified": 1788483448,
        "narHash": "sha256-vVzaXiVgpn/CbgFSXOPHwaTdnKxW9fbI2Sse+BiJczw=",
        "owner": "lukas-reineke",
        "repo": "indent-blankline.nvim",
        "rev": "f1e186e44d3b7f9ae918008e2c28ce37c6023d2d",
        "type": "github"
      },
      "original": {
        "owner": "lukas-reineke",
        "repo": "indent-blankline.nvim",
        "type": "github"
      }
    },
    "plugin:lsp_signature.nvim": {
      "flake": false,
      "locked": {
        "lastModified": 1788754704,
        "narHash": "sha256-DWPy6PgExcBV3iTs5bA+8sfItpSRLdcxOdiuVPsYHlk=",
        "owner": "ray-x",
        "repo": "lsp_signature.nvim",
        "rev": "1997451c4c9956a1380d8bea4b0e33ebdf07976e",
        "type": "github"
      },
      "original": {
        "owner": "ray-x",
        "repo": "lsp_signature.nvim",
        "type": "github"
      }
    },
    "plugin:nui.nvim": {
      "flake": false,
      "locked": {
        "lastModified": 1787254124,
        "narHash": "sha256-UJp9A5Qb38ie552wRdHAeA9vm5PFURumYP9wZ83OU7Y=",
        "owner": "MunifTanjim",
        "repo": "nui.nvim",
        "rev": "10fc361835c856ba4233ef5ea135b919bf3dce97",
        "type": "github"
      },
      "original": {
        "owner": "MunifTanjim",
        "repo": "nui.nvim",
        "type": "github"
      }
    },
    "plugin:nvim-cmp": {
      "flake": false,
      "locked": {
        "lastModified": 1783641462,
        "narHash": "sha256-YN8KAXVv1AFc3DajWVIl+EppOx/s3vdxiKMlb/lj5qc=",
        "owner": "hrsh7th",
        "repo": "nvim-cmp",
        "rev": "2ffe79f1f021def8dd1fcd81deb16f1bb0d989f3",
        "type": "github"
      },
      "original": {
        "owner": "hrsh7th",
        "repo": "nvim-cmp",
        "type": "github"
      }
    },
    "plugin:nvim-lightbulb": {
      "flake": false,
      "locked": {
        "lastModified": 1777316780,
        "narHash": "sha256-F7JAGcinAcJmTmcbYQe5zboHwgLRbZMOYeSK/A6bqe8=",
        "owner": "kosayoda",
        "repo": "nvim-lightbulb",
        "rev": "b8c08c5f3b1586dfcdd9f34d7d54fe6982e01ac9",
        "type": "github"
      },
      "original": {
        "owner": "kosayoda",
        "repo": "nvim-lightbulb",
        "type": "github"
      }
    },
    "plugin:nvim-lspconfig": {
      "flake": false,
      "locked": {
        "lastModified": 1789736891,
        "narHash": "sha256-zHc0w8uExt7+5U3YrGT+Eg815htZXtWFOkT2Tm172V4=",
        "owner": "neovim",
        "repo": "nvim-lspconfig",
        "rev": "ffd261c09c3dabd0bf1a438f47a8ae3b22f3c3ff",
        "type": "github"
      },
      "original": {
        "owner": "neovim",
        "repo": "nvim-lspconfig",
        "type": "github"
      }
    },
    "plugin:opsort.vim": {
      "flake": false,
      "locked": {
        "lastModified": 1657590260,
        "narHash": "sha256-PxrTwPMcX8wT1K9j8aEzkKo5zNapmTAwJbyFY4AZA5E=",
        "owner": "ralismark",
        "repo": "opsort.vim",
        "rev": "df6d41d9b868bf33f330fba004f88620a7d00a12",
        "type": "github"
      },
      "original": {
        "owner": "ralismark",
        "repo": "opsort.vim",
        "type": "github"
      }
    },
    "plugin:plenary.nvim": {
      "flake": false,
      "locked": {
        "lastModified": 1775800366,
        "narHash": "sha256-nkfETDkPiE+Kd2BWYZijgUp9bP8RgFwRmvqJz2BMuq4=",
        "owner": "nvim-lua",
        "repo": "plenary.nvim",
        "rev": "74b06c6c75e4eeb3108ec01852001636d85a932b",
        "type": "github"
      },
      "original": {
        "owner": "nvim-lua",
        "repo": "plenary.nvim",
        "type": "github"
      }
    },
    "plugin:rainbow-delimiters.nvim": {
      "flake": false,
      "locked": {
        "lastModified": 1788553029,
        "narHash": "sha256-KO1izvODUDYozDFdNm/rSlZ/FhqWEM17yGRuoP8JXik=",
        "owner": "hiphish",
        "repo": "rainbow-delimiters.nvim",
        "rev": "3a0fc08dd39e8bf034a4cfef3f2845bd5f565a2e",
        "type": "github"
      },
      "original": {
        "owner": "hiphish",
        "repo": "rainbow-delimiters.nvim",
        "type": "github"
      }
    },
    "plugin:telescope.nvim": {
      "flake": false,
      "locked": {
        "lastModified": 1786964191,
        "narHash": "sha256-Ci7D8aTUhh9DwwHvEV8Pndma8b/iwylUcoDKrIKVYN4=",
        "owner": "nvim-telescope",
        "repo": "telescope.nvim",
        "rev": "40aedd8a68c78a656a10a8d62d80c54af59420fb",
        "type": "github"
      },
      "original": {
        "owner": "nvim-telescope",
        "repo": "telescope.nvim",
        "type": "github"
      }
    },
    "plugin:undotree": {
      "flake": false,
      "locked": {
        "lastModified": 1772947405,
        "narHash": "sha256-0fSCkozz9UWkkV1PsCCnIimOHsmXw9jLd9/oF9dLjMk=",
        "owner": "mbbill",
        "repo": "undotree",
        "rev": "6fa6b57cda8459e1e4b2ca34df702f55242f4e4d",
        "type": "github"
      },
      "original": {
        "owner": "mbbill",
        "repo": "undotree",
        "type": "github"
      }
    },
    "plugin:vim-easy-align": {
      "flake": false,
      "locked": {
        "lastModified": 1712978502,
        "narHash": "sha256-9CfWi83DCzWBARNG6AA0MQllEfQ/3UtYtYPDWLdmDwk=",
        "owner": "junegunn",
        "repo": "vim-easy-align",
        "rev": "9815a55dbcd817784458df7a18acacc6f82b1241",
        "type": "github"
      },
      "original": {
        "owner": "junegunn",
        "repo": "vim-easy-align",
        "type": "github"
      }
    },
    "plugin:vim-eunuch": {
      "flake": false,
      "locked": {
        "lastModified": 1786564348,
        "narHash": "sha256-Rs/ABLIT3ZvV8pJLZZtIrQEgtU9u3LSYgvBJOySYdRo=",
        "owner": "tpope",
        "repo": "vim-eunuch",
        "rev": "929490937745cd96130d3e7948f762f0aa403314",
        "type": "github"
      },
      "original": {
        "owner": "tpope",
        "repo": "vim-eunuch",
        "type": "github"
      }
    },
    "plugin:vim-nix": {
      "flake": false,
      "locked": {
        "lastModified": 1738443453,
        "narHash": "sha256-Hmn8EVlvMQnQF8COeb89cgl5+A83kagOjGsmvm5WNoE=",
        "owner": "LnL7",
        "repo": "vim-nix",
        "rev": "7235c7ce2cea530cb6b59bc3e46d4bfe917d15c8",
        "type": "github"
      },
      "original": {
        "owner": "LnL7",
        "repo": "vim-nix",
        "type": "github"
      }
    },
    "plugin:vim-recover": {
      "flake": false,
      "locked": {
        "lastModified": 1674868724,
        "narHash": "sha256-hHs+DbZqBrb3eauxJZFsg2k7nqDDKP9gaRuqjrlEysw=",
        "owner": "ralismark",
        "repo": "vim-recover",
        "rev": "d81f3bde34ddd714117f00de4eb53faa26c4cf7b",
        "type": "github"
      },
      "original": {
        "owner": "ralismark",
        "repo": "vim-recover",
        "type": "github"
      }
    },
    "plugin:vim-repeat": {
      "flake": false,
      "locked": {
        "lastModified": 1720473942,
        "narHash": "sha256-G/dmkq1KtSHIl+I5p3LfO6mGPS3eyLRbEEsuLbTpGlk=",
        "owner": "tpope",
        "repo": "vim-repeat",
        "rev": "65846025c15494983dafe5e3b46c8f88ab2e9635",
        "type": "github"
      },
      "original": {
        "owner": "tpope",
        "repo": "vim-repeat",
        "type": "github"
      }
    },
    "plugin:vim-textobj-between": {
      "flake": false,
      "locked": {
        "lastModified": 1636283410,
        "narHash": "sha256-18XqrHQOGMpBf+FWwJ3Yzqrl/YNO+8m2wDbpjuHWT1k=",
        "owner": "thinca",
        "repo": "vim-textobj-between",
        "rev": "fa7723c08b1f2d55e1a30ba720d2fd4db27cb1e8",
        "type": "github"
      },
      "original": {
        "owner": "thinca",
        "repo": "vim-textobj-between",
        "type": "github"
      }
    },
    "plugin:vim-textobj-indent": {
      "flake": false,
      "locked": {
        "lastModified": 1358509589,
        "narHash": "sha256-oFzUPG+IOkbKZ2gU/kduQ3G/LsLDlEjFhRP0BHBE+1Q=",
        "owner": "kana",
        "repo": "vim-textobj-indent",
        "rev": "deb76867c302f933c8f21753806cbf2d8461b548",
        "type": "github"
      },
      "original": {
        "owner": "kana",
        "repo": "vim-textobj-indent",
        "type": "github"
      }
    },
    "plugin:vim-textobj-parameter": {
      "flake": false,
      "locked": {
        "lastModified": 1494911427,
        "narHash": "sha256-Sq8rV0iToPKCqmTbDeO8UFpNAH53ujfcncIKxXxAg+4=",
        "owner": "sgur",
        "repo": "vim-textobj-parameter",
        "rev": "201144f19a1a7081033b3cf2b088916dd0bcb98c",
        "type": "github"
      },
      "original": {
        "owner": "sgur",
        "repo": "vim-textobj-parameter",
        "type": "github"
      }
    },
    "plugin:vim-textobj-user": {
      "flake": false,
      "locked": {
        "lastModified": 1582277364,
        "narHash": "sha256-4+9SlywaEKpJL6MM2jcBjFoy2dpLqviil9idVNkeL/g=",
        "owner": "kana",
        "repo": "vim-textobj-user",
        "rev": "41a675ddbeefd6a93664a4dc52f302fe3086a933",
        "type": "github"
      },
      "original": {
        "owner": "kana",
        "repo": "vim-textobj-user",
        "type": "github"
      }
    },
    "root": {
      "inputs": {
        "flake-compat": "flake-compat",
        "flake-utils": "flake-utils",
        "nixpkgs": "nixpkgs",
        "plugin:Colorizer": "plugin:Colorizer",
        "plugin:LuaSnip": "plugin:LuaSnip",
        "plugin:cmp-buffer": "plugin:cmp-buffer",
        "plugin:cmp-cmdline": "plugin:cmp-cmdline",
        "plugin:cmp-nvim-lsp": "plugin:cmp-nvim-lsp",
        "plugin:cmp-path": "plugin:cmp-path",
        "plugin:cmp_luasnip": "plugin:cmp_luasnip",
        "plugin:csvview.nvim": "plugin:csvview.nvim",
        "plugin:goyo.vim": "plugin:goyo.vim",
        "plugin:guess-indent.nvim": "plugin:guess-indent.nvim",
        "plugin:indent-blankline.nvim": "plugin:indent-blankline.nvim",
        "plugin:lsp_signature.nvim": "plugin:lsp_signature.nvim",
        "plugin:nui.nvim": "plugin:nui.nvim",
        "plugin:nvim-cmp": "plugin:nvim-cmp",
        "plugin:nvim-lightbulb": "plugin:nvim-lightbulb",
        "plugin:nvim-lspconfig": "plugin:nvim-lspconfig",
        "plugin:opsort.vim": "plugin:opsort.vim",
        "plugin:plenary.nvim": "plugin:plenary.nvim",
        "plugin:rainbow-delimiters.nvim": "plugin:rainbow-delimiters.nvim",
        "plugin:telescope.nvim": "plugin:telescope.nvim",
        "plugin:undotree": "plugin:undotree",
        "plugin:vim-easy-align": "plugin:vim-easy-align",
        "plugin:vim-eunuch": "plugin:vim-eunuch",
        "plugin:vim-nix": "plugin:vim-nix",
        "plugin:vim-recover": "plugin:vim-recover",
        "plugin:vim-repeat": "plugin:vim-repeat",
        "plugin:vim-textobj-between": "plugin:vim-textobj-between",
        "plugin:vim-textobj-indent": "plugin:vim-textobj-indent",
        "plugin:vim-textobj-parameter": "plugin:vim-textobj-parameter",
        "plugin:vim-textobj-user": "plugin:vim-textobj-user",
        "snacks.nvim": "snacks.nvim",
        "telescope-fzf-native.nvim": "telescope-fzf-native.nvim"
      }
    },
    "snacks.nvim": {
      "flake": false,
      "locked": {
        "lastModified": 1779727538,
        "narHash": "sha256-gU0XjCcnmZNwZ/erukA8miBiMKaSsSiInLtiv+OyEJI=",
        "owner": "folke",
        "repo": "snacks.nvim",
        "rev": "882c996cf28183f4d63640de0b4c02ec886d01f2",
        "type": "github"
      },
      "original": {
        "owner": "folke",
        "repo": "snacks.nvim",
        "type": "github"
      }
    },
    "systems": {
      "locked": {
        "lastModified": 1681028828,
        "narHash": "sha256-Vy1rq5AaRuLzOxct8nz4T6wlgyUR7zLU309k9mBC768=",
        "owner": "nix-systems",
        "repo": "default",
        "rev": "da67096a3b9bf56a91d16901293e51ba5b49a27e",
        "type": "github"
      },
      "original": {
        "owner": "nix-systems",
        "repo": "default",
        "type": "github"
      }
    },
    "telescope-fzf-native.nvim": {
      "flake": false,
      "locked": {
        "lastModified": 1778077831,
        "narHash": "sha256-FMzAAkS/TgdINK/YuadHXikFcTYtgYeXcEL0jDvWKzk=",
        "owner": "nvim-telescope",
        "repo": "telescope-fzf-native.nvim",
        "rev": "b25b749b9db64d375d782094e2b9dce53ad53a40",
        "type": "github"
      },
      "original": {
        "owner": "nvim-telescope",
        "repo": "telescope-fzf-native.nvim",
        "type": "github"
      }
    }
  },
  "root": "root",
  "version": 7
}
