{
  "nodes": {
    "flake-compat": {
      "flake": false,
      "locked": {
        "lastModified": 1696426674,
        "narHash": "sha256-kvjfFW7WAETZlt09AgDn1MrtKzP7t90Vf7vypd3OL1U=",
        "owner": "edolstra",
        "repo": "flake-compat",
        "rev": "0f9255e01c2351cc7d116c072cb317785dd33b33",
        "type": "github"
      },
      "original": {
        "owner": "edolstra",
        "repo": "flake-compat",
        "type": "github"
      }
    },
    "flake-utils": {
      "inputs": {
        "systems": "systems"
      },
      "locked": {
        "lastModified": 1710146030,
        "narHash": "sha256-SZ5L6eA7HJ/nmkzGG7/ISclqe6oZdOZTNoesiInkXPQ=",
        "owner": "numtide",
        "repo": "flake-utils",
        "rev": "b1d9ab70662946ef0850d488da1c9019f3a9752a",
        "type": "github"
      },
      "original": {
        "owner": "numtide",
        "repo": "flake-utils",
        "type": "github"
      }
    },
    "flake-utils_2": {
      "locked": {
        "lastModified": 1667395993,
        "narHash": "sha256-nuEHfE/LcWyuSWnS8t12N1wc105Qtau+/OdUAjtQ0rA=",
        "owner": "numtide",
        "repo": "flake-utils",
        "rev": "5aed5285a952e0b949eb3ba02c12fa4fcfef535f",
        "type": "github"
      },
      "original": {
        "owner": "numtide",
        "repo": "flake-utils",
        "type": "github"
      }
    },
    "neovim": {
      "inputs": {
        "flake-utils": "flake-utils_2",
        "nixpkgs": [
          "nixpkgs"
        ]
      },
      "locked": {
        "dir": "contrib",
        "lastModified": 1715862872,
        "narHash": "sha256-FCOipXHkAbkuFw9JjEpOIJ8BkyMkjkI0Dp+SzZ4yZlw=",
        "owner": "neovim",
        "repo": "neovim",
        "rev": "27fb62988e922c2739035f477f93cc052a4fee1e",
        "type": "github"
      },
      "original": {
        "dir": "contrib",
        "owner": "neovim",
        "ref": "v0.10.0",
        "repo": "neovim",
        "type": "github"
      }
    },
    "nixpkgs": {
      "locked": {
        "lastModified": 1711200738,
        "narHash": "sha256-dkJmk/ET/tRV4007O6kU101UEg1svUwiyk/zEEX9Tdg=",
        "owner": "nixos",
        "repo": "nixpkgs",
        "rev": "20bc93ca7b2158ebc99b8cef987a2173a81cde35",
        "type": "github"
      },
      "original": {
        "owner": "nixos",
        "ref": "nixpkgs-unstable",
        "repo": "nixpkgs",
        "type": "github"
      }
    },
    "plugin:Colorizer": {
      "flake": false,
      "locked": {
        "lastModified": 1705584401,
        "narHash": "sha256-mY+p8qDnUffyVHycdH/AkuQygHcf2bfvC3COCE3vqA0=",
        "owner": "chrisbra",
        "repo": "Colorizer",
        "rev": "7db0e0dd8adfccab35655f5b6db805caa0fef49a",
        "type": "github"
      },
      "original": {
        "owner": "chrisbra",
        "repo": "Colorizer",
        "type": "github"
      }
    },
    "plugin:LuaSnip": {
      "flake": false,
      "locked": {
        "lastModified": 1709453917,
        "narHash": "sha256-oyMykjBLkk/9S5AutnPKL+DKgfW59TS+kGUE2GsVbHk=",
        "owner": "L3MON4D3",
        "repo": "LuaSnip",
        "rev": "a7a4b4682c4b3e2ba82b82a4e6e5f5a0e79dec32",
        "type": "github"
      },
      "original": {
        "owner": "L3MON4D3",
        "repo": "LuaSnip",
        "type": "github"
      }
    },
    "plugin:ayu-vim": {
      "flake": false,
      "locked": {
        "lastModified": 1590733157,
        "narHash": "sha256-sv5sQIkB6KHm9Ktfc29J+zWNupmgEDthyHQ8cT7s8XA=",
        "owner": "ayu-theme",
        "repo": "ayu-vim",
        "rev": "0745635421688ce777f663d13531996cb4da6514",
        "type": "github"
      },
      "original": {
        "owner": "ayu-theme",
        "repo": "ayu-vim",
        "type": "github"
      }
    },
    "plugin:cmp-buffer": {
      "flake": false,
      "locked": {
        "lastModified": 1660101488,
        "narHash": "sha256-dG4U7MtnXThoa/PD+qFtCt76MQ14V1wX8GMYcvxEnbM=",
        "owner": "hrsh7th",
        "repo": "cmp-buffer",
        "rev": "3022dbc9166796b644a841a02de8dd1cc1d311fa",
        "type": "github"
      },
      "original": {
        "owner": "hrsh7th",
        "repo": "cmp-buffer",
        "type": "github"
      }
    },
    "plugin:cmp-cmdline": {
      "flake": false,
      "locked": {
        "lastModified": 1711081050,
        "narHash": "sha256-iBmXp+gUSMbgfkv7c7RDQAwPq02e07wEnBETP0dWBOo=",
        "owner": "hrsh7th",
        "repo": "cmp-cmdline",
        "rev": "d250c63aa13ead745e3a40f61fdd3470efde3923",
        "type": "github"
      },
      "original": {
        "owner": "hrsh7th",
        "repo": "cmp-cmdline",
        "type": "github"
      }
    },
    "plugin:cmp-nvim-lsp": {
      "flake": false,
      "locked": {
        "lastModified": 1702205473,
        "narHash": "sha256-/0sh9vJBD9pUuD7q3tNSQ1YLvxFMNykdg5eG+LjZAA8=",
        "owner": "hrsh7th",
        "repo": "cmp-nvim-lsp",
        "rev": "5af77f54de1b16c34b23cba810150689a3a90312",
        "type": "github"
      },
      "original": {
        "owner": "hrsh7th",
        "repo": "cmp-nvim-lsp",
        "type": "github"
      }
    },
    "plugin:cmp-path": {
      "flake": false,
      "locked": {
        "lastModified": 1664784283,
        "narHash": "sha256-thppiiV3wjIaZnAXmsh7j3DUc6ceSCvGzviwFUnoPaI=",
        "owner": "hrsh7th",
        "repo": "cmp-path",
        "rev": "91ff86cd9c29299a64f968ebb45846c485725f23",
        "type": "github"
      },
      "original": {
        "owner": "hrsh7th",
        "repo": "cmp-path",
        "type": "github"
      }
    },
    "plugin:cmp_luasnip": {
      "flake": false,
      "locked": {
        "lastModified": 1696878902,
        "narHash": "sha256-nUJJl2zyK/oSwz5RzI9j3gf9zpDfCImCYbPbVsyXgz8=",
        "owner": "saadparwaiz1",
        "repo": "cmp_luasnip",
        "rev": "05a9ab28b53f71d1aece421ef32fee2cb857a843",
        "type": "github"
      },
      "original": {
        "owner": "saadparwaiz1",
        "repo": "cmp_luasnip",
        "type": "github"
      }
    },
    "plugin:goyo.vim": {
      "flake": false,
      "locked": {
        "lastModified": 1677929138,
        "narHash": "sha256-u2N25I508s7l+6lVrDgprqgGlf6KftAVZSpCvnDcOPY=",
        "owner": "junegunn",
        "repo": "goyo.vim",
        "rev": "fa0263d456dd43f5926484d1c4c7022dfcb21ba9",
        "type": "github"
      },
      "original": {
        "owner": "junegunn",
        "repo": "goyo.vim",
        "type": "github"
      }
    },
    "plugin:guess-indent.nvim": {
      "flake": false,
      "locked": {
        "lastModified": 1680539465,
        "narHash": "sha256-fqQfyUaQBcVZ7bcFeWbLyse9spw97Dqt/B4JGPnaYcQ=",
        "owner": "NMAC427",
        "repo": "guess-indent.nvim",
        "rev": "b8ae749fce17aa4c267eec80a6984130b94f80b2",
        "type": "github"
      },
      "original": {
        "owner": "NMAC427",
        "repo": "guess-indent.nvim",
        "type": "github"
      }
    },
    "plugin:lsp_signature.nvim": {
      "flake": false,
      "locked": {
        "lastModified": 1710647656,
        "narHash": "sha256-O7y7pcCvF0xUFamG+wMLe4mC6hUQ679rJV+ZUoWB0oY=",
        "owner": "ray-x",
        "repo": "lsp_signature.nvim",
        "rev": "c6aeb2f1d2538bbdfdaab1664d9d4c3c75aa9db8",
        "type": "github"
      },
      "original": {
        "owner": "ray-x",
        "repo": "lsp_signature.nvim",
        "type": "github"
      }
    },
    "plugin:nvim-cmp": {
      "flake": false,
      "locked": {
        "lastModified": 1711120055,
        "narHash": "sha256-uRQUz2Y07raZ36dR1oWwXfOIkzya6ERkZNNNLh9xJhA=",
        "owner": "hrsh7th",
        "repo": "nvim-cmp",
        "rev": "6ed1c93465c33f6a53b4c3f103bf9d1ab696382a",
        "type": "github"
      },
      "original": {
        "owner": "hrsh7th",
        "repo": "nvim-cmp",
        "type": "github"
      }
    },
    "plugin:nvim-lightbulb": {
      "flake": false,
      "locked": {
        "lastModified": 1689887436,
        "narHash": "sha256-Meoop66jINllnxN6aohuPmU7DEjn64FMq/b8zuy9FEQ=",
        "owner": "kosayoda",
        "repo": "nvim-lightbulb",
        "rev": "8f00b89dd1b1dbde16872bee5fbcee2e58c9b8e9",
        "type": "github"
      },
      "original": {
        "owner": "kosayoda",
        "repo": "nvim-lightbulb",
        "type": "github"
      }
    },
    "plugin:nvim-lspconfig": {
      "flake": false,
      "locked": {
        "lastModified": 1711089429,
        "narHash": "sha256-LNiNplctUT31dH94p09+1lxbYaGVioB6zyhr96Yo2hc=",
        "owner": "neovim",
        "repo": "nvim-lspconfig",
        "rev": "24662f92c18edd397ef12d635b11dbdedef2d094",
        "type": "github"
      },
      "original": {
        "owner": "neovim",
        "repo": "nvim-lspconfig",
        "type": "github"
      }
    },
    "plugin:opsort.vim": {
      "flake": false,
      "locked": {
        "lastModified": 1657590260,
        "narHash": "sha256-PxrTwPMcX8wT1K9j8aEzkKo5zNapmTAwJbyFY4AZA5E=",
        "owner": "ralismark",
        "repo": "opsort.vim",
        "rev": "df6d41d9b868bf33f330fba004f88620a7d00a12",
        "type": "github"
      },
      "original": {
        "owner": "ralismark",
        "repo": "opsort.vim",
        "type": "github"
      }
    },
    "plugin:plenary.nvim": {
      "flake": false,
      "locked": {
        "lastModified": 1709720625,
        "narHash": "sha256-/ltkFqa5MTAI9z8oLv7+5SJ/Qq9l1kkuKGD955NbLi8=",
        "owner": "nvim-lua",
        "repo": "plenary.nvim",
        "rev": "f7adfc4b3f4f91aab6caebf42b3682945fbc35be",
        "type": "github"
      },
      "original": {
        "owner": "nvim-lua",
        "repo": "plenary.nvim",
        "type": "github"
      }
    },
    "plugin:telescope.nvim": {
      "flake": false,
      "locked": {
        "lastModified": 1711166216,
        "narHash": "sha256-h/JOvPaULu86wNU1S6sKA1un27OxKYAkb6Q2pqjOqFI=",
        "owner": "nvim-telescope",
        "repo": "telescope.nvim",
        "rev": "1e591885751d255b12c3649253cb6c2838e2c724",
        "type": "github"
      },
      "original": {
        "owner": "nvim-telescope",
        "repo": "telescope.nvim",
        "type": "github"
      }
    },
    "plugin:undotree": {
      "flake": false,
      "locked": {
        "lastModified": 1709935504,
        "narHash": "sha256-09/SPj/qdhwGuX7/kPCT+r2AHdxD78BPOPBmIrJNHIQ=",
        "owner": "mbbill",
        "repo": "undotree",
        "rev": "aa93a7e5890dbbebbc064cd22260721a6db1a196",
        "type": "github"
      },
      "original": {
        "owner": "mbbill",
        "repo": "undotree",
        "type": "github"
      }
    },
    "plugin:vim-dispatch": {
      "flake": false,
      "locked": {
        "lastModified": 1708217476,
        "narHash": "sha256-JTCYxLfKD+Ftf8qbiUcDB1jJCL2sgEmQFt5S/44dho0=",
        "owner": "tpope",
        "repo": "vim-dispatch",
        "rev": "4c695bc052cad2ae6b980aebbe48d046466e27ae",
        "type": "github"
      },
      "original": {
        "owner": "tpope",
        "repo": "vim-dispatch",
        "type": "github"
      }
    },
    "plugin:vim-easy-align": {
      "flake": false,
      "locked": {
        "lastModified": 1556512351,
        "narHash": "sha256-BpjYYAfpUCLitNfRsRnfzxsOIHA6T/WmL05BjRRt7j4=",
        "owner": "junegunn",
        "repo": "vim-easy-align",
        "rev": "12dd6316974f71ce333e360c0260b4e1f81169c3",
        "type": "github"
      },
      "original": {
        "owner": "junegunn",
        "repo": "vim-easy-align",
        "type": "github"
      }
    },
    "plugin:vim-eunuch": {
      "flake": false,
      "locked": {
        "lastModified": 1707080624,
        "narHash": "sha256-JJga94MKWUSmsdAqwl2KeD0pcNpG6CvuJxKCfjXJkcU=",
        "owner": "tpope",
        "repo": "vim-eunuch",
        "rev": "8fb3904be27b6b60d086f87c2570085902414069",
        "type": "github"
      },
      "original": {
        "owner": "tpope",
        "repo": "vim-eunuch",
        "type": "github"
      }
    },
    "plugin:vim-nix": {
      "flake": false,
      "locked": {
        "lastModified": 1708772165,
        "narHash": "sha256-2/9eyU+uUbcKiNcBDdgdxCBp1vNSP51U/0LTHihEYJY=",
        "owner": "LnL7",
        "repo": "vim-nix",
        "rev": "e25cd0f2e5922f1f4d3cd969f92e35a9a327ffb0",
        "type": "github"
      },
      "original": {
        "owner": "LnL7",
        "repo": "vim-nix",
        "type": "github"
      }
    },
    "plugin:vim-pandoc-syntax": {
      "flake": false,
      "locked": {
        "lastModified": 1700985518,
        "narHash": "sha256-6j4ZyBbxH4tjvucbHRkWUDg6TKw5bPtxiDZP9jGOY+Y=",
        "owner": "vim-pandoc",
        "repo": "vim-pandoc-syntax",
        "rev": "16939cda184ff555938cc895cc62477c172997f9",
        "type": "github"
      },
      "original": {
        "owner": "vim-pandoc",
        "repo": "vim-pandoc-syntax",
        "type": "github"
      }
    },
    "plugin:vim-recover": {
      "flake": false,
      "locked": {
        "lastModified": 1674868724,
        "narHash": "sha256-hHs+DbZqBrb3eauxJZFsg2k7nqDDKP9gaRuqjrlEysw=",
        "owner": "ralismark",
        "repo": "vim-recover",
        "rev": "f8352449dfb3fef824e21240a8864661962bfa21",
        "type": "github"
      },
      "original": {
        "owner": "ralismark",
        "repo": "vim-recover",
        "type": "github"
      }
    },
    "plugin:vim-repeat": {
      "flake": false,
      "locked": {
        "lastModified": 1611544268,
        "narHash": "sha256-8rfZa3uKXB3TRCqaDHZ6DfzNbm7WaYnLvmTNzYtnKHg=",
        "owner": "tpope",
        "repo": "vim-repeat",
        "rev": "24afe922e6a05891756ecf331f39a1f6743d3d5a",
        "type": "github"
      },
      "original": {
        "owner": "tpope",
        "repo": "vim-repeat",
        "type": "github"
      }
    },
    "plugin:vim-textobj-between": {
      "flake": false,
      "locked": {
        "lastModified": 1636283410,
        "narHash": "sha256-18XqrHQOGMpBf+FWwJ3Yzqrl/YNO+8m2wDbpjuHWT1k=",
        "owner": "thinca",
        "repo": "vim-textobj-between",
        "rev": "fa7723c08b1f2d55e1a30ba720d2fd4db27cb1e8",
        "type": "github"
      },
      "original": {
        "owner": "thinca",
        "repo": "vim-textobj-between",
        "type": "github"
      }
    },
    "plugin:vim-textobj-indent": {
      "flake": false,
      "locked": {
        "lastModified": 1358509589,
        "narHash": "sha256-oFzUPG+IOkbKZ2gU/kduQ3G/LsLDlEjFhRP0BHBE+1Q=",
        "owner": "kana",
        "repo": "vim-textobj-indent",
        "rev": "deb76867c302f933c8f21753806cbf2d8461b548",
        "type": "github"
      },
      "original": {
        "owner": "kana",
        "repo": "vim-textobj-indent",
        "type": "github"
      }
    },
    "plugin:vim-textobj-parameter": {
      "flake": false,
      "locked": {
        "lastModified": 1494911427,
        "narHash": "sha256-Sq8rV0iToPKCqmTbDeO8UFpNAH53ujfcncIKxXxAg+4=",
        "owner": "sgur",
        "repo": "vim-textobj-parameter",
        "rev": "201144f19a1a7081033b3cf2b088916dd0bcb98c",
        "type": "github"
      },
      "original": {
        "owner": "sgur",
        "repo": "vim-textobj-parameter",
        "type": "github"
      }
    },
    "plugin:vim-textobj-user": {
      "flake": false,
      "locked": {
        "lastModified": 1582277364,
        "narHash": "sha256-4+9SlywaEKpJL6MM2jcBjFoy2dpLqviil9idVNkeL/g=",
        "owner": "kana",
        "repo": "vim-textobj-user",
        "rev": "41a675ddbeefd6a93664a4dc52f302fe3086a933",
        "type": "github"
      },
      "original": {
        "owner": "kana",
        "repo": "vim-textobj-user",
        "type": "github"
      }
    },
    "root": {
      "inputs": {
        "flake-compat": "flake-compat",
        "flake-utils": "flake-utils",
        "neovim": "neovim",
        "nixpkgs": "nixpkgs",
        "plugin:Colorizer": "plugin:Colorizer",
        "plugin:LuaSnip": "plugin:LuaSnip",
        "plugin:ayu-vim": "plugin:ayu-vim",
        "plugin:cmp-buffer": "plugin:cmp-buffer",
        "plugin:cmp-cmdline": "plugin:cmp-cmdline",
        "plugin:cmp-nvim-lsp": "plugin:cmp-nvim-lsp",
        "plugin:cmp-path": "plugin:cmp-path",
        "plugin:cmp_luasnip": "plugin:cmp_luasnip",
        "plugin:goyo.vim": "plugin:goyo.vim",
        "plugin:guess-indent.nvim": "plugin:guess-indent.nvim",
        "plugin:lsp_signature.nvim": "plugin:lsp_signature.nvim",
        "plugin:nvim-cmp": "plugin:nvim-cmp",
        "plugin:nvim-lightbulb": "plugin:nvim-lightbulb",
        "plugin:nvim-lspconfig": "plugin:nvim-lspconfig",
        "plugin:opsort.vim": "plugin:opsort.vim",
        "plugin:plenary.nvim": "plugin:plenary.nvim",
        "plugin:telescope.nvim": "plugin:telescope.nvim",
        "plugin:undotree": "plugin:undotree",
        "plugin:vim-dispatch": "plugin:vim-dispatch",
        "plugin:vim-easy-align": "plugin:vim-easy-align",
        "plugin:vim-eunuch": "plugin:vim-eunuch",
        "plugin:vim-nix": "plugin:vim-nix",
        "plugin:vim-pandoc-syntax": "plugin:vim-pandoc-syntax",
        "plugin:vim-recover": "plugin:vim-recover",
        "plugin:vim-repeat": "plugin:vim-repeat",
        "plugin:vim-textobj-between": "plugin:vim-textobj-between",
        "plugin:vim-textobj-indent": "plugin:vim-textobj-indent",
        "plugin:vim-textobj-parameter": "plugin:vim-textobj-parameter",
        "plugin:vim-textobj-user": "plugin:vim-textobj-user"
      }
    },
    "systems": {
      "locked": {
        "lastModified": 1681028828,
        "narHash": "sha256-Vy1rq5AaRuLzOxct8nz4T6wlgyUR7zLU309k9mBC768=",
        "owner": "nix-systems",
        "repo": "default",
        "rev": "da67096a3b9bf56a91d16901293e51ba5b49a27e",
        "type": "github"
      },
      "original": {
        "owner": "nix-systems",
        "repo": "default",
        "type": "github"
      }
    }
  },
  "root": "root",
  "version": 7
}
